
Microsoft Visual Studio Solution File, Format Version 12.00
# Visual Studio Version 17
VisualStudioVersion = 17.2.32630.192
MinimumVisualStudioVersion = 10.0.40219.1
Project("{FAE04EC0-301F-11D3-BF4B-00C04F79EFBC}") = "Nebojsa_60_19.Android", "Nebojsa_60_19\Nebojsa_60_19.Android\Nebojsa_60_19.Android.csproj", "{8F4429FE-4EDC-40E7-8E05-0483F8123333}"
EndProject
Project("{FAE04EC0-301F-11D3-BF4B-00C04F79EFBC}") = "Nebojsa_60_19.iOS", "Nebojsa_60_19\Nebojsa_60_19.iOS\Nebojsa_60_19.iOS.csproj", "{76960FFE-3DBA-4EFD-9737-11021E25DED4}"
EndProject
Project("{FAE04EC0-301F-11D3-BF4B-00C04F79EFBC}") = "Nebojsa_60_19", "Nebojsa_60_19\Nebojsa_60_19\Nebojsa_60_19.csproj", "{AA336FD4-34A1-46A6-9B2E-8CA6E7238F01}"
EndProject
Global
	GlobalSection(SolutionConfigurationPlatforms) = preSolution
		Debug|Any CPU = Debug|Any CPU
		Debug|iPhone = Debug|iPhone
		Debug|iPhoneSimulator = Debug|iPhoneSimulator
		Release|Any CPU = Release|Any CPU
		Release|iPhone = Release|iPhone
		Release|iPhoneSimulator = Release|iPhoneSimulator
	EndGlobalSection
	GlobalSection(ProjectConfigurationPlatforms) = postSolution
		{8F4429FE-4EDC-40E7-8E05-0483F8123333}.Debug|Any CPU.ActiveCfg = Debug|Any CPU
		{8F4429FE-4EDC-40E7-8E05-0483F8123333}.Debug|Any CPU.Build.0 = Debug|Any CPU
		{8F4429FE-4EDC-40E7-8E05-0483F8123333}.Debug|Any CPU.Deploy.0 = Debug|Any CPU
		{8F4429FE-4EDC-40E7-8E05-0483F8123333}.Debug|iPhone.ActiveCfg = Debug|Any CPU
		{8F4429FE-4EDC-40E7-8E05-0483F8123333}.Debug|iPhone.Build.0 = Debug|Any CPU
		{8F4429FE-4EDC-40E7-8E05-0483F8123333}.Debug|iPhone.Deploy.0 = Debug|Any CPU
		{8F4429FE-4EDC-40E7-8E05-0483F8123333}.Debug|iPhoneSimulator.ActiveCfg = Debug|Any CPU
		{8F4429FE-4EDC-40E7-8E05-0483F8123333}.Debug|iPhoneSimulator.Build.0 = Debug|Any CPU
		{8F4429FE-4EDC-40E7-8E05-0483F8123333}.Debug|iPhoneSimulator.Deploy.0 = Debug|Any CPU
		{8F4429FE-4EDC-40E7-8E05-0483F8123333}.Release|Any CPU.ActiveCfg = Release|Any CPU
		{8F4429FE-4EDC-40E7-8E05-0483F8123333}.Release|Any CPU.Build.0 = Release|Any CPU
		{8F4429FE-4EDC-40E7-8E05-0483F8123333}.Release|Any CPU.Deploy.0 = Release|Any CPU
		{8F4429FE-4EDC-40E7-8E05-0483F8123333}.Release|iPhone.ActiveCfg = Release|Any CPU
		{8F4429FE-4EDC-40E7-8E05-0483F8123333}.Release|iPhone.Build.0 = Release|Any CPU
		{8F4429FE-4EDC-40E7-8E05-0483F8123333}.Release|iPhone.Deploy.0 = Release|Any CPU
		{8F4429FE-4EDC-40E7-8E05-0483F8123333}.Release|iPhoneSimulator.ActiveCfg = Release|Any CPU
		{8F4429FE-4EDC-40E7-8E05-0483F8123333}.Release|iPhoneSimulator.Build.0 = Release|Any CPU
		{8F4429FE-4EDC-40E7-8E05-0483F8123333}.Release|iPhoneSimulator.Deploy.0 = Release|Any CPU
		{76960FFE-3DBA-4EFD-9737-11021E25DED4}.Debug|Any CPU.ActiveCfg = Debug|iPhone
		{76960FFE-3DBA-4EFD-9737-11021E25DED4}.Debug|Any CPU.Build.0 = Debug|iPhone
		{76960FFE-3DBA-4EFD-9737-11021E25DED4}.Debug|Any CPU.Deploy.0 = Debug|iPhone
		{76960FFE-3DBA-4EFD-9737-11021E25DED4}.Debug|iPhone.ActiveCfg = Debug|iPhone
		{76960FFE-3DBA-4EFD-9737-11021E25DED4}.Debug|iPhone.Build.0 = Debug|iPhone
		{76960FFE-3DBA-4EFD-9737-11021E25DED4}.Debug|iPhone.Deploy.0 = Debug|iPhone
		{76960FFE-3DBA-4EFD-9737-11021E25DED4}.Debug|iPhoneSimulator.ActiveCfg = Debug|iPhoneSimulator
		{76960FFE-3DBA-4EFD-9737-11021E25DED4}.Debug|iPhoneSimulator.Build.0 = Debug|iPhoneSimulator
		{76960FFE-3DBA-4EFD-9737-11021E25DED4}.Debug|iPhoneSimulator.Deploy.0 = Debug|iPhoneSimulator
		{76960FFE-3DBA-4EFD-9737-11021E25DED4}.Release|Any CPU.ActiveCfg = Release|iPhoneSimulator
		{76960FFE-3DBA-4EFD-9737-11021E25DED4}.Release|Any CPU.Build.0 = Release|iPhoneSimulator
		{76960FFE-3DBA-4EFD-9737-11021E25DED4}.Release|Any CPU.Deploy.0 = Release|iPhoneSimulator
		{76960FFE-3DBA-4EFD-9737-11021E25DED4}.Release|iPhone.ActiveCfg = Release|iPhone
		{76960FFE-3DBA-4EFD-9737-11021E25DED4}.Release|iPhone.Build.0 = Release|iPhone
		{76960FFE-3DBA-4EFD-9737-11021E25DED4}.Release|iPhone.Deploy.0 = Release|iPhone
		{76960FFE-3DBA-4EFD-9737-11021E25DED4}.Release|iPhoneSimulator.ActiveCfg = Release|iPhoneSimulator
		{76960FFE-3DBA-4EFD-9737-11021E25DED4}.Release|iPhoneSimulator.Build.0 = Release|iPhoneSimulator
		{76960FFE-3DBA-4EFD-9737-11021E25DED4}.Release|iPhoneSimulator.Deploy.0 = Release|iPhoneSimulator
		{AA336FD4-34A1-46A6-9B2E-8CA6E7238F01}.Debug|Any CPU.ActiveCfg = Debug|Any CPU
		{AA336FD4-34A1-46A6-9B2E-8CA6E7238F01}.Debug|Any CPU.Build.0 = Debug|Any CPU
		{AA336FD4-34A1-46A6-9B2E-8CA6E7238F01}.Debug|Any CPU.Deploy.0 = Debug|Any CPU
		{AA336FD4-34A1-46A6-9B2E-8CA6E7238F01}.Debug|iPhone.ActiveCfg = Debug|Any CPU
		{AA336FD4-34A1-46A6-9B2E-8CA6E7238F01}.Debug|iPhone.Build.0 = Debug|Any CPU
		{AA336FD4-34A1-46A6-9B2E-8CA6E7238F01}.Debug|iPhone.Deploy.0 = Debug|Any CPU
		{AA336FD4-34A1-46A6-9B2E-8CA6E7238F01}.Debug|iPhoneSimulator.ActiveCfg = Debug|Any CPU
		{AA336FD4-34A1-46A6-9B2E-8CA6E7238F01}.Debug|iPhoneSimulator.Build.0 = Debug|Any CPU
		{AA336FD4-34A1-46A6-9B2E-8CA6E7238F01}.Debug|iPhoneSimulator.Deploy.0 = Debug|Any CPU
		{AA336FD4-34A1-46A6-9B2E-8CA6E7238F01}.Release|Any CPU.ActiveCfg = Release|Any CPU
		{AA336FD4-34A1-46A6-9B2E-8CA6E7238F01}.Release|Any CPU.Build.0 = Release|Any CPU
		{AA336FD4-34A1-46A6-9B2E-8CA6E7238F01}.Release|Any CPU.Deploy.0 = Release|Any CPU
		{AA336FD4-34A1-46A6-9B2E-8CA6E7238F01}.Release|iPhone.ActiveCfg = Release|Any CPU
		{AA336FD4-34A1-46A6-9B2E-8CA6E7238F01}.Release|iPhone.Build.0 = Release|Any CPU
		{AA336FD4-34A1-46A6-9B2E-8CA6E7238F01}.Release|iPhone.Deploy.0 = Release|Any CPU
		{AA336FD4-34A1-46A6-9B2E-8CA6E7238F01}.Release|iPhoneSimulator.ActiveCfg = Release|Any CPU
		{AA336FD4-34A1-46A6-9B2E-8CA6E7238F01}.Release|iPhoneSimulator.Build.0 = Release|Any CPU
		{AA336FD4-34A1-46A6-9B2E-8CA6E7238F01}.Release|iPhoneSimulator.Deploy.0 = Release|Any CPU
	EndGlobalSection
	GlobalSection(SolutionProperties) = preSolution
		HideSolutionNode = FALSE
	EndGlobalSection
	GlobalSection(ExtensibilityGlobals) = postSolution
		SolutionGuid = {265A6E40-4D2B-4AFF-8647-07F734E5D2B6}
	EndGlobalSection
EndGlobal
